PODS:
  - HMCircularProgressBar (0.1.0)

DEPENDENCIES:
  - HMCircularProgressBar (from `../`)

EXTERNAL SOURCES:
  HMCircularProgressBar:
    :path: ../

SPEC CHECKSUMS:
  HMCircularProgressBar: ee9c8ffaa06528c6b85410311b179066645f8e87

PODFILE CHECKSUM: 0ff45f18fac443ddf558b5e4b4ca123e0d6b1672

COCOAPODS: 1.4.0
